// !$*UTF8*$!
{
	archiveVersion = 1;
	classes = {
	};
	objectVersion = 77;
	objects = {

/* Begin PBXBuildFile section */
		141B65C89513D32D6F7FF85B /* Assets.xcassets in Resources */ = {isa = PBXBuildFile; fileRef = E8DBFC7D440F4F78FA02A627 /* Assets.xcassets */; };
		43BB9EB509DAD5DF8A36F065 /* LiquorCompassApp.swift in Sources */ = {isa = PBXBuildFile; fileRef = CA8B0E9AE61EC78DEF2E74B5 /* LiquorCompassApp.swift */; };
		95AD77EA5A7985E446DDB5F1 /* ContentView.swift in Sources */ = {isa = PBXBuildFile; fileRef = E7C72D1314151418BFC80746 /* ContentView.swift */; };
		971E7BF780E35D53CEBB4859 /* Preview Assets.xcassets in Resources */ = {isa = PBXBuildFile; fileRef = 171DFB91014F3EC3ECBB5082 /* Preview Assets.xcassets */; };
		CCC48464901AC985EEF14242 /* LocationManager.swift in Sources */ = {isa = PBXBuildFile; fileRef = 7AA39D4B7B84D02807B01D82 /* LocationManager.swift */; };
		F6F9ECE94F8016C8ED8C4EFA /* LiquorStoreFinder.swift in Sources */ = {isa = PBXBuildFile; fileRef = 596A903DB468B32DEF90097C /* LiquorStoreFinder.swift */; };
/* End PBXBuildFile section */

/* Begin PBXFileReference section */
		171DFB91014F3EC3ECBB5082 /* Preview Assets.xcassets */ = {isa = PBXFileReference; lastKnownFileType = folder.assetcatalog; path = "Preview Assets.xcassets"; sourceTree = "<group>"; };
		596A903DB468B32DEF90097C /* LiquorStoreFinder.swift */ = {isa = PBXFileReference; lastKnownFileType = sourcecode.swift; path = LiquorStoreFinder.swift; sourceTree = "<group>"; };
		7AA39D4B7B84D02807B01D82 /* LocationManager.swift */ = {isa = PBXFileReference; lastKnownFileType = sourcecode.swift; path = LocationManager.swift; sourceTree = "<group>"; };
		C4A106FA30A1CA01038C915A /* LiquorCompass.app */ = {isa = PBXFileReference; includeInIndex = 0; lastKnownFileType = wrapper.application; path = LiquorCompass.app; sourceTree = BUILT_PRODUCTS_DIR; };
		CA8B0E9AE61EC78DEF2E74B5 /* LiquorCompassApp.swift */ = {isa = PBXFileReference; lastKnownFileType = sourcecode.swift; path = LiquorCompassApp.swift; sourceTree = "<group>"; };
		E7C72D1314151418BFC80746 /* ContentView.swift */ = {isa = PBXFileReference; lastKnownFileType = sourcecode.swift; path = ContentView.swift; sourceTree = "<group>"; };
		E8DBFC7D440F4F78FA02A627 /* Assets.xcassets */ = {isa = PBXFileReference; lastKnownFileType = folder.assetcatalog; path = Assets.xcassets; sourceTree = "<group>"; };
/* End PBXFileReference section */

/* Begin PBXGroup section */
		34489BCB67C370901263879C /* Preview Content */ = {
			isa = PBXGroup;
			children = (
				171DFB91014F3EC3ECBB5082 /* Preview Assets.xcassets */,
			);
			path = "Preview Content";
			sourceTree = "<group>";
		};
		9BE939CA386A16A528CF8CF1 = {
			isa = PBXGroup;
			children = (
				E52965C7A8D89973CDC506F1 /* LiquorCompass */,
				B47F3BC211C95D8002D23DAC /* Products */,
			);
			sourceTree = "<group>";
		};
		B47F3BC211C95D8002D23DAC /* Products */ = {
			isa = PBXGroup;
			children = (
				C4A106FA30A1CA01038C915A /* LiquorCompass.app */,
			);
			name = Products;
			sourceTree = "<group>";
		};
		E52965C7A8D89973CDC506F1 /* LiquorCompass */ = {
			isa = PBXGroup;
			children = (
				E8DBFC7D440F4F78FA02A627 /* Assets.xcassets */,
				E7C72D1314151418BFC80746 /* ContentView.swift */,
				CA8B0E9AE61EC78DEF2E74B5 /* LiquorCompassApp.swift */,
				596A903DB468B32DEF90097C /* LiquorStoreFinder.swift */,
				7AA39D4B7B84D02807B01D82 /* LocationManager.swift */,
				34489BCB67C370901263879C /* Preview Content */,
			);
			path = LiquorCompass;
			sourceTree = "<group>";
		};
/* End PBXGroup section */

/* Begin PBXNativeTarget section */
		C5372AE51CBB32CEE08A8279 /* LiquorCompass */ = {
			isa = PBXNativeTarget;
			buildConfigurationList = 3EFFD49A2074933EFC88E378 /* Build configuration list for PBXNativeTarget "LiquorCompass" */;
			buildPhases = (
				1B9F115E5EFF0669D5BA6F49 /* Sources */,
				783C2608C2648ABDF4E6A0CC /* Resources */,
			);
			buildRules = (
			);
			dependencies = (
			);
			name = LiquorCompass;
			packageProductDependencies = (
			);
			productName = LiquorCompass;
			productReference = C4A106FA30A1CA01038C915A /* LiquorCompass.app */;
			productType = "com.apple.product-type.application";
		};
/* End PBXNativeTarget section */

/* Begin PBXProject section */
		A04CC1297B66C1B3498EA13A /* Project object */ = {
			isa = PBXProject;
			attributes = {
				BuildIndependentTargetsInParallel = YES;
				LastUpgradeCheck = 1430;
				TargetAttributes = {
					C5372AE51CBB32CEE08A8279 = {
						DevelopmentTeam = "";
						ProvisioningStyle = Automatic;
					};
				};
			};
			buildConfigurationList = 12851A2FBD062E9C6AE65CB7 /* Build configuration list for PBXProject "LiquorCompass" */;
			developmentRegion = en;
			hasScannedForEncodings = 0;
			knownRegions = (
				Base,
				en,
			);
			mainGroup = 9BE939CA386A16A528CF8CF1;
			minimizedProjectReferenceProxies = 1;
			preferredProjectObjectVersion = 77;
			productRefGroup = B47F3BC211C95D8002D23DAC /* Products */;
			projectDirPath = "";
			projectRoot = "";
			targets = (
				C5372AE51CBB32CEE08A8279 /* LiquorCompass */,
			);
		};
/* End PBXProject section */

/* Begin PBXResourcesBuildPhase section */
		783C2608C2648ABDF4E6A0CC /* Resources */ = {
			isa = PBXResourcesBuildPhase;
			buildActionMask = 2147483647;
			files = (
				141B65C89513D32D6F7FF85B /* Assets.xcassets in Resources */,
				971E7BF780E35D53CEBB4859 /* Preview Assets.xcassets in Resources */,
			);
			runOnlyForDeploymentPostprocessing = 0;
		};
/* End PBXResourcesBuildPhase section */

/* Begin PBXSourcesBuildPhase section */
		1B9F115E5EFF0669D5BA6F49 /* Sources */ = {
			isa = PBXSourcesBuildPhase;
			buildActionMask = 2147483647;
			files = (
				95AD77EA5A7985E446DDB5F1 /* ContentView.swift in Sources */,
				43BB9EB509DAD5DF8A36F065 /* LiquorCompassApp.swift in Sources */,
				F6F9ECE94F8016C8ED8C4EFA /* LiquorStoreFinder.swift in Sources */,
				CCC48464901AC985EEF14242 /* LocationManager.swift in Sources */,
			);
			runOnlyForDeploymentPostprocessing = 0;
		};
/* End PBXSourcesBuildPhase section */

/* Begin XCBuildConfiguration section */
		1E474E292F6E64BF6A7757CB /* Release */ = {
			isa = XCBuildConfiguration;
			buildSettings = {
				ALWAYS_SEARCH_USER_PATHS = NO;
				CLANG_ANALYZER_NONNULL = YES;
				CLANG_ANALYZER_NUMBER_OBJECT_CONVERSION = YES_AGGRESSIVE;
				CLANG_CXX_LANGUAGE_STANDARD = "gnu++14";
				CLANG_CXX_LIBRARY = "libc++";
				CLANG_ENABLE_MODULES = YES;
				CLANG_ENABLE_OBJC_ARC = YES;
				CLANG_ENABLE_OBJC_WEAK = YES;
				CLANG_WARN_BLOCK_CAPTURE_AUTORELEASING = YES;
				CLANG_WARN_BOOL_CONVERSION = YES;
				CLANG_WARN_COMMA = YES;
				CLANG_WARN_CONSTANT_CONVERSION = YES;
				CLANG_WARN_DEPRECATED_OBJC_IMPLEMENTATIONS = YES;
				CLANG_WARN_DIRECT_OBJC_ISA_USAGE = YES_ERROR;
				CLANG_WARN_DOCUMENTATION_COMMENTS = YES;
				CLANG_WARN_EMPTY_BODY = YES;
				CLANG_WARN_ENUM_CONVERSION = YES;
				CLANG_WARN_INFINITE_RECURSION = YES;
				CLANG_WARN_INT_CONVERSION = YES;
				CLANG_WARN_NON_LITERAL_NULL_CONVERSION = YES;
				CLANG_WARN_OBJC_IMPLICIT_RETAIN_SELF = YES;
				CLANG_WARN_OBJC_LITERAL_CONVERSION = YES;
				CLANG_WARN_OBJC_ROOT_CLASS = YES_ERROR;
				CLANG_WARN_QUOTED_INCLUDE_IN_FRAMEWORK_HEADER = YES;
				CLANG_WARN_RANGE_LOOP_ANALYSIS = YES;
				CLANG_WARN_STRICT_PROTOTYPES = YES;
				CLANG_WARN_SUSPICIOUS_MOVE = YES;
				CLANG_WARN_UNGUARDED_AVAILABILITY = YES_AGGRESSIVE;
				CLANG_WARN_UNREACHABLE_CODE = YES;
				CLANG_WARN__DUPLICATE_METHOD_MATCH = YES;
				CODE_SIGN_STYLE = Automatic;
				COPY_PHASE_STRIP = NO;
				CURRENT_PROJECT_VERSION = 1;
				DEBUG_INFORMATION_FORMAT = "dwarf-with-dsym";
				DEVELOPMENT_TEAM = "";
				ENABLE_NS_ASSERTIONS = NO;
				ENABLE_STRICT_OBJC_MSGSEND = YES;
				GCC_C_LANGUAGE_STANDARD = gnu11;
				GCC_NO_COMMON_BLOCKS = YES;
				GCC_WARN_64_TO_32_BIT_CONVERSION = YES;
				GCC_WARN_ABOUT_RETURN_TYPE = YES_ERROR;
				GCC_WARN_UNDECLARED_SELECTOR = YES;
				GCC_WARN_UNINITIALIZED_AUTOS = YES_AGGRESSIVE;
				GCC_WARN_UNUSED_FUNCTION = YES;
				GCC_WARN_UNUSED_VARIABLE = YES;
				IPHONEOS_DEPLOYMENT_TARGET = 17.0;
				MARKETING_VERSION = 1.0;
				MTL_ENABLE_DEBUG_INFO = NO;
				MTL_FAST_MATH = YES;
				PRODUCT_NAME = "$(TARGET_NAME)";
				SDKROOT = iphoneos;
				SWIFT_COMPILATION_MODE = wholemodule;
				SWIFT_OPTIMIZATION_LEVEL = "-O";
				SWIFT_VERSION = 5.0;
			};
			name = Release;
		};
		1FFAC7B4F9A609E29846F74A /* Release */ = {
			isa = XCBuildConfiguration;
			buildSettings = {
				ASSETCATALOG_COMPILER_APPICON_NAME = AppIcon;
				ASSETCATALOG_COMPILER_GLOBAL_ACCENT_COLOR_NAME = AccentColor;
				CODE_SIGN_IDENTITY = "iPhone Developer";
				DEVELOPMENT_ASSET_PATHS = "\"LiquorCompass/Preview Content\"";
				ENABLE_PREVIEWS = YES;
				INFOPLIST_KEY_NSLocationWhenInUseUsageDescription = "Used to point the compass to the nearest liquor store and show the distance.";
				INFOPLIST_KEY_UIApplicationSceneManifest_Generation = YES;
				INFOPLIST_KEY_UILaunchScreen_Generation = YES;
				INFOPLIST_KEY_UIStatusBarStyle = UIStatusBarStyleLightContent;
				INFOPLIST_KEY_UISupportedInterfaceOrientations_iPad = "UIInterfaceOrientationPortrait UIInterfaceOrientationPortraitUpsideDown UIInterfaceOrientationLandscapeLeft UIInterfaceOrientationLandscapeRight";
				INFOPLIST_KEY_UISupportedInterfaceOrientations_iPhone = UIInterfaceOrientationPortrait;
				LD_RUNPATH_SEARCH_PATHS = (
					"$(inherited)",
					"@executable_path/Frameworks",
				);
				PRODUCT_BUNDLE_IDENTIFIER = com.shawi1.LiquorCompass;
				SDKROOT = iphoneos;
				SUPPORTS_MACCATALYST = NO;
				TARGETED_DEVICE_FAMILY = "1,2";
			};
			name = Release;
		};
		625B4A97FA091EF972918B71 /* Debug */ = {
			isa = XCBuildConfiguration;
			buildSettings = {
				ALWAYS_SEARCH_USER_PATHS = NO;
				CLANG_ANALYZER_NONNULL = YES;
				CLANG_ANALYZER_NUMBER_OBJECT_CONVERSION = YES_AGGRESSIVE;
				CLANG_CXX_LANGUAGE_STANDARD = "gnu++14";
				CLANG_CXX_LIBRARY = "libc++";
				CLANG_ENABLE_MODULES = YES;
				CLANG_ENABLE_OBJC_ARC = YES;
				CLANG_ENABLE_OBJC_WEAK = YES;
				CLANG_WARN_BLOCK_CAPTURE_AUTORELEASING = YES;
				CLANG_WARN_BOOL_CONVERSION = YES;
				CLANG_WARN_COMMA = YES;
				CLANG_WARN_CONSTANT_CONVERSION = YES;
				CLANG_WARN_DEPRECATED_OBJC_IMPLEMENTATIONS = YES;
				CLANG_WARN_DIRECT_OBJC_ISA_USAGE = YES_ERROR;
				CLANG_WARN_DOCUMENTATION_COMMENTS = YES;
				CLANG_WARN_EMPTY_BODY = YES;
				CLANG_WARN_ENUM_CONVERSION = YES;
				CLANG_WARN_INFINITE_RECURSION = YES;
				CLANG_WARN_INT_CONVERSION = YES;
				CLANG_WARN_NON_LITERAL_NULL_CONVERSION = YES;
				CLANG_WARN_OBJC_IMPLICIT_RETAIN_SELF = YES;
				CLANG_WARN_OBJC_LITERAL_CONVERSION = YES;
				CLANG_WARN_OBJC_ROOT_CLASS = YES_ERROR;
				CLANG_WARN_QUOTED_INCLUDE_IN_FRAMEWORK_HEADER = YES;
				CLANG_WARN_RANGE_LOOP_ANALYSIS = YES;
				CLANG_WARN_STRICT_PROTOTYPES = YES;
				CLANG_WARN_SUSPICIOUS_MOVE = YES;
				CLANG_WARN_UNGUARDED_AVAILABILITY = YES_AGGRESSIVE;
				CLANG_WARN_UNREACHABLE_CODE = YES;
				CLANG_WARN__DUPLICATE_METHOD_MATCH = YES;
				CODE_SIGN_STYLE = Automatic;
				COPY_PHASE_STRIP = NO;
				CURRENT_PROJECT_VERSION = 1;
				DEBUG_INFORMATION_FORMAT = dwarf;
				DEVELOPMENT_TEAM = "";
				ENABLE_STRICT_OBJC_MSGSEND = YES;
				ENABLE_TESTABILITY = YES;
				GCC_C_LANGUAGE_STANDARD = gnu11;
				GCC_DYNAMIC_NO_PIC = NO;
				GCC_NO_COMMON_BLOCKS = YES;
				GCC_OPTIMIZATION_LEVEL = 0;
				GCC_PREPROCESSOR_DEFINITIONS = (
					"$(inherited)",
					"DEBUG=1",
				);
				GCC_WARN_64_TO_32_BIT_CONVERSION = YES;
				GCC_WARN_ABOUT_RETURN_TYPE = YES_ERROR;
				GCC_WARN_UNDECLARED_SELECTOR = YES;
				GCC_WARN_UNINITIALIZED_AUTOS = YES_AGGRESSIVE;
				GCC_WARN_UNUSED_FUNCTION = YES;
				GCC_WARN_UNUSED_VARIABLE = YES;
				IPHONEOS_DEPLOYMENT_TARGET = 17.0;
				MARKETING_VERSION = 1.0;
				MTL_ENABLE_DEBUG_INFO = INCLUDE_SOURCE;
				MTL_FAST_MATH = YES;
				ONLY_ACTIVE_ARCH = YES;
				PRODUCT_NAME = "$(TARGET_NAME)";
				SDKROOT = iphoneos;
				SWIFT_ACTIVE_COMPILATION_CONDITIONS = DEBUG;
				SWIFT_OPTIMIZATION_LEVEL = "-Onone";
				SWIFT_VERSION = 5.0;
			};
			name = Debug;
		};
		8DF36D68866E86F36771DA4B /* Debug */ = {
			isa = XCBuildConfiguration;
			buildSettings = {
				ASSETCATALOG_COMPILER_APPICON_NAME = AppIcon;
				ASSETCATALOG_COMPILER_GLOBAL_ACCENT_COLOR_NAME = AccentColor;
				CODE_SIGN_IDENTITY = "iPhone Developer";
				DEVELOPMENT_ASSET_PATHS = "\"LiquorCompass/Preview Content\"";
				ENABLE_PREVIEWS = YES;
				INFOPLIST_KEY_NSLocationWhenInUseUsageDescription = "Used to point the compass to the nearest liquor store and show the distance.";
				INFOPLIST_KEY_UIApplicationSceneManifest_Generation = YES;
				INFOPLIST_KEY_UILaunchScreen_Generation = YES;
				INFOPLIST_KEY_UIStatusBarStyle = UIStatusBarStyleLightContent;
				INFOPLIST_KEY_UISupportedInterfaceOrientations_iPad = "UIInterfaceOrientationPortrait UIInterfaceOrientationPortraitUpsideDown UIInterfaceOrientationLandscapeLeft UIInterfaceOrientationLandscapeRight";
				INFOPLIST_KEY_UISupportedInterfaceOrientations_iPhone = UIInterfaceOrientationPortrait;
				LD_RUNPATH_SEARCH_PATHS = (
					"$(inherited)",
					"@executable_path/Frameworks",
				);
				PRODUCT_BUNDLE_IDENTIFIER = com.shawi1.LiquorCompass;
				SDKROOT = iphoneos;
				SUPPORTS_MACCATALYST = NO;
				TARGETED_DEVICE_FAMILY = "1,2";
			};
			name = Debug;
		};
/* End XCBuildConfiguration section */

/* Begin XCConfigurationList section */
		12851A2FBD062E9C6AE65CB7 /* Build configuration list for PBXProject "LiquorCompass" */ = {
			isa = XCConfigurationList;
			buildConfigurations = (
				625B4A97FA091EF972918B71 /* Debug */,
				1E474E292F6E64BF6A7757CB /* Release */,
			);
			defaultConfigurationIsVisible = 0;
			defaultConfigurationName = Debug;
		};
		3EFFD49A2074933EFC88E378 /* Build configuration list for PBXNativeTarget "LiquorCompass" */ = {
			isa = XCConfigurationList;
			buildConfigurations = (
				8DF36D68866E86F36771DA4B /* Debug */,
				1FFAC7B4F9A609E29846F74A /* Release */,
			);
			defaultConfigurationIsVisible = 0;
			defaultConfigurationName = Debug;
		};
/* End XCConfigurationList section */
	};
	rootObject = A04CC1297B66C1B3498EA13A /* Project object */;
}
